
Microsoft Visual Studio Solution File, Format Version 12.00
# Visual Studio Version 17
VisualStudioVersion = 17.5.33530.505
MinimumVisualStudioVersion = 10.0.40219.1
Project("{2150E333-8FDC-42A3-9474-1A3956D46DE8}") = "src", "src", "{88603604-CE1F-429D-8E60-EF12268F5B20}"
EndProject
Project("{2150E333-8FDC-42A3-9474-1A3956D46DE8}") = "test", "test", "{10879D95-A268-4FC7-A402-690647118EE6}"
EndProject
Project("{2150E333-8FDC-42A3-9474-1A3956D46DE8}") = "API", "API", "{52E8E5A7-45FB-4370-AB6C-AAB9C6A03792}"
EndProject
Project("{2150E333-8FDC-42A3-9474-1A3956D46DE8}") = "Core", "Core", "{3A99B4EB-3452-4B59-98B1-2D109C53EFFD}"
EndProject
Project("{2150E333-8FDC-42A3-9474-1A3956D46DE8}") = "Infrastructure", "Infrastructure", "{B1454FF9-671F-48F8-B3A2-5669121601CC}"
EndProject
Project("{2150E333-8FDC-42A3-9474-1A3956D46DE8}") = "UI", "UI", "{E827CE42-9D38-430E-B009-02BDA945A036}"
EndProject
Project("{9A19103F-16F7-4668-BE54-9A1E7A4F7556}") = "SaeedLearn.Domain", "SaeedLearn.Domain\SaeedLearn.Domain.csproj", "{6927B289-84DA-4B34-9738-D5C2CCC03D0C}"
EndProject
Project("{9A19103F-16F7-4668-BE54-9A1E7A4F7556}") = "SaeedLearn.Application", "SaeedLearn.Application\SaeedLearn.Application.csproj", "{21FF9178-3805-4431-9CD2-E7A2CEEEB635}"
EndProject
Project("{2150E333-8FDC-42A3-9474-1A3956D46DE8}") = "Solution Items", "Solution Items", "{C06A02B1-CE31-4CCC-A304-582919EC0F02}"
	ProjectSection(SolutionItems) = preProject
		.gitignore = .gitignore
	EndProjectSection
EndProject
Project("{9A19103F-16F7-4668-BE54-9A1E7A4F7556}") = "SaeedLearn.Persistence", "SaeedLearn.Persistence\SaeedLearn.Persistence.csproj", "{AD2DCAB1-7192-40F8-A3D7-AF08B1316188}"
EndProject
Project("{9A19103F-16F7-4668-BE54-9A1E7A4F7556}") = "SaeedLearn.MVC", "SaeedLearn.MVC\SaeedLearn.MVC.csproj", "{24E336E0-735D-4FA7-9E7A-A9BA4B2AD864}"
EndProject
Project("{9A19103F-16F7-4668-BE54-9A1E7A4F7556}") = "SaeedLearn.Identity", "SaeedLearn.Identity\SaeedLearn.Identity.csproj", "{24F6AA5B-F05C-44E1-87EF-5C52CDE22BA6}"
EndProject
Project("{FAE04EC0-301F-11D3-BF4B-00C04F79EFBC}") = "SaeedLearn.Api", "SaeedLearn.Api\SaeedLearn.Api.csproj", "{39AA2A0C-5535-46BA-8E06-CB8B2BF0EA14}"
EndProject
Project("{FAE04EC0-301F-11D3-BF4B-00C04F79EFBC}") = "SaeedLearn.UnitTests", "SaeedLearn.UnitTests\SaeedLearn.UnitTests.csproj", "{8D0D046B-25C8-4636-BF38-41119B2986FF}"
EndProject
Global
	GlobalSection(SolutionConfigurationPlatforms) = preSolution
		Debug|Any CPU = Debug|Any CPU
		Release|Any CPU = Release|Any CPU
	EndGlobalSection
	GlobalSection(ProjectConfigurationPlatforms) = postSolution
		{6927B289-84DA-4B34-9738-D5C2CCC03D0C}.Debug|Any CPU.ActiveCfg = Debug|Any CPU
		{6927B289-84DA-4B34-9738-D5C2CCC03D0C}.Debug|Any CPU.Build.0 = Debug|Any CPU
		{6927B289-84DA-4B34-9738-D5C2CCC03D0C}.Release|Any CPU.ActiveCfg = Release|Any CPU
		{6927B289-84DA-4B34-9738-D5C2CCC03D0C}.Release|Any CPU.Build.0 = Release|Any CPU
		{21FF9178-3805-4431-9CD2-E7A2CEEEB635}.Debug|Any CPU.ActiveCfg = Debug|Any CPU
		{21FF9178-3805-4431-9CD2-E7A2CEEEB635}.Debug|Any CPU.Build.0 = Debug|Any CPU
		{21FF9178-3805-4431-9CD2-E7A2CEEEB635}.Release|Any CPU.ActiveCfg = Release|Any CPU
		{21FF9178-3805-4431-9CD2-E7A2CEEEB635}.Release|Any CPU.Build.0 = Release|Any CPU
		{AD2DCAB1-7192-40F8-A3D7-AF08B1316188}.Debug|Any CPU.ActiveCfg = Debug|Any CPU
		{AD2DCAB1-7192-40F8-A3D7-AF08B1316188}.Debug|Any CPU.Build.0 = Debug|Any CPU
		{AD2DCAB1-7192-40F8-A3D7-AF08B1316188}.Release|Any CPU.ActiveCfg = Release|Any CPU
		{AD2DCAB1-7192-40F8-A3D7-AF08B1316188}.Release|Any CPU.Build.0 = Release|Any CPU
		{24E336E0-735D-4FA7-9E7A-A9BA4B2AD864}.Debug|Any CPU.ActiveCfg = Debug|Any CPU
		{24E336E0-735D-4FA7-9E7A-A9BA4B2AD864}.Debug|Any CPU.Build.0 = Debug|Any CPU
		{24E336E0-735D-4FA7-9E7A-A9BA4B2AD864}.Release|Any CPU.ActiveCfg = Release|Any CPU
		{24E336E0-735D-4FA7-9E7A-A9BA4B2AD864}.Release|Any CPU.Build.0 = Release|Any CPU
		{24F6AA5B-F05C-44E1-87EF-5C52CDE22BA6}.Debug|Any CPU.ActiveCfg = Debug|Any CPU
		{24F6AA5B-F05C-44E1-87EF-5C52CDE22BA6}.Debug|Any CPU.Build.0 = Debug|Any CPU
		{24F6AA5B-F05C-44E1-87EF-5C52CDE22BA6}.Release|Any CPU.ActiveCfg = Release|Any CPU
		{24F6AA5B-F05C-44E1-87EF-5C52CDE22BA6}.Release|Any CPU.Build.0 = Release|Any CPU
		{39AA2A0C-5535-46BA-8E06-CB8B2BF0EA14}.Debug|Any CPU.ActiveCfg = Debug|Any CPU
		{39AA2A0C-5535-46BA-8E06-CB8B2BF0EA14}.Debug|Any CPU.Build.0 = Debug|Any CPU
		{39AA2A0C-5535-46BA-8E06-CB8B2BF0EA14}.Release|Any CPU.ActiveCfg = Release|Any CPU
		{39AA2A0C-5535-46BA-8E06-CB8B2BF0EA14}.Release|Any CPU.Build.0 = Release|Any CPU
		{8D0D046B-25C8-4636-BF38-41119B2986FF}.Debug|Any CPU.ActiveCfg = Debug|Any CPU
		{8D0D046B-25C8-4636-BF38-41119B2986FF}.Debug|Any CPU.Build.0 = Debug|Any CPU
		{8D0D046B-25C8-4636-BF38-41119B2986FF}.Release|Any CPU.ActiveCfg = Release|Any CPU
		{8D0D046B-25C8-4636-BF38-41119B2986FF}.Release|Any CPU.Build.0 = Release|Any CPU
	EndGlobalSection
	GlobalSection(SolutionProperties) = preSolution
		HideSolutionNode = FALSE
	EndGlobalSection
	GlobalSection(NestedProjects) = preSolution
		{52E8E5A7-45FB-4370-AB6C-AAB9C6A03792} = {88603604-CE1F-429D-8E60-EF12268F5B20}
		{3A99B4EB-3452-4B59-98B1-2D109C53EFFD} = {88603604-CE1F-429D-8E60-EF12268F5B20}
		{B1454FF9-671F-48F8-B3A2-5669121601CC} = {88603604-CE1F-429D-8E60-EF12268F5B20}
		{E827CE42-9D38-430E-B009-02BDA945A036} = {88603604-CE1F-429D-8E60-EF12268F5B20}
		{6927B289-84DA-4B34-9738-D5C2CCC03D0C} = {3A99B4EB-3452-4B59-98B1-2D109C53EFFD}
		{21FF9178-3805-4431-9CD2-E7A2CEEEB635} = {3A99B4EB-3452-4B59-98B1-2D109C53EFFD}
		{AD2DCAB1-7192-40F8-A3D7-AF08B1316188} = {B1454FF9-671F-48F8-B3A2-5669121601CC}
		{24E336E0-735D-4FA7-9E7A-A9BA4B2AD864} = {E827CE42-9D38-430E-B009-02BDA945A036}
		{24F6AA5B-F05C-44E1-87EF-5C52CDE22BA6} = {B1454FF9-671F-48F8-B3A2-5669121601CC}
		{39AA2A0C-5535-46BA-8E06-CB8B2BF0EA14} = {52E8E5A7-45FB-4370-AB6C-AAB9C6A03792}
		{8D0D046B-25C8-4636-BF38-41119B2986FF} = {10879D95-A268-4FC7-A402-690647118EE6}
	EndGlobalSection
	GlobalSection(ExtensibilityGlobals) = postSolution
		SolutionGuid = {87B66A0E-9E76-4B23-8BCF-99F6D2731B61}
	EndGlobalSection
EndGlobal
